
Microsoft Visual Studio Solution File, Format Version 12.00
# Visual Studio 15
VisualStudioVersion = 15.0.27703.2035
MinimumVisualStudioVersion = 10.0.40219.1
Project("{FAE04EC0-301F-11D3-BF4B-00C04F79EFBC}") = "APITestChallenge", "APITestChallenge\APITestChallenge.csproj", "{CF32584E-D8D4-46F7-961D-63BED9E8F7A7}"
EndProject
Global
	GlobalSection(SolutionConfigurationPlatforms) = preSolution
		Debug|Any CPU = Debug|Any CPU
		Release|Any CPU = Release|Any CPU
	EndGlobalSection
	GlobalSection(ProjectConfigurationPlatforms) = postSolution
		{CF32584E-D8D4-46F7-961D-63BED9E8F7A7}.Debug|Any CPU.ActiveCfg = Debug|Any CPU
		{CF32584E-D8D4-46F7-961D-63BED9E8F7A7}.Debug|Any CPU.Build.0 = Debug|Any CPU
		{CF32584E-D8D4-46F7-961D-63BED9E8F7A7}.Release|Any CPU.ActiveCfg = Release|Any CPU
		{CF32584E-D8D4-46F7-961D-63BED9E8F7A7}.Release|Any CPU.Build.0 = Release|Any CPU
	EndGlobalSection
	GlobalSection(SolutionProperties) = preSolution
		HideSolutionNode = FALSE
	EndGlobalSection
	GlobalSection(ExtensibilityGlobals) = postSolution
		SolutionGuid = {D90202AE-8937-4B98-814F-3D7ECF9C0052}
	EndGlobalSection
EndGlobal
